
Microsoft Visual Studio Solution File, Format Version 12.00
# Visual Studio 2013
VisualStudioVersion = 12.0.31101.0
MinimumVisualStudioVersion = 10.0.40219.1
Project("{FAE04EC0-301F-11D3-BF4B-00C04F79EFBC}") = "Extractor", "Extractor\Extractor.csproj", "{71B471B5-0881-4A21-93FC-23D70F96D6D8}"
EndProject
Project("{FAE04EC0-301F-11D3-BF4B-00C04F79EFBC}") = "Extractor.Core", "Extractor.DataStorage\Extractor.Core.csproj", "{300AC424-0D4B-423D-9675-E65530F761DF}"
EndProject
Project("{FAE04EC0-301F-11D3-BF4B-00C04F79EFBC}") = "Extractor.Core.Tests", "Extractor.Core.Tests\Extractor.Core.Tests.csproj", "{2CF949A7-368D-4461-A825-CFC12A017B6A}"
EndProject
Global
	GlobalSection(SolutionConfigurationPlatforms) = preSolution
		Debug|Any CPU = Debug|Any CPU
		Release|Any CPU = Release|Any CPU
	EndGlobalSection
	GlobalSection(ProjectConfigurationPlatforms) = postSolution
		{71B471B5-0881-4A21-93FC-23D70F96D6D8}.Debug|Any CPU.ActiveCfg = Debug|Any CPU
		{71B471B5-0881-4A21-93FC-23D70F96D6D8}.Debug|Any CPU.Build.0 = Debug|Any CPU
		{71B471B5-0881-4A21-93FC-23D70F96D6D8}.Release|Any CPU.ActiveCfg = Release|Any CPU
		{71B471B5-0881-4A21-93FC-23D70F96D6D8}.Release|Any CPU.Build.0 = Release|Any CPU
		{300AC424-0D4B-423D-9675-E65530F761DF}.Debug|Any CPU.ActiveCfg = Debug|Any CPU
		{300AC424-0D4B-423D-9675-E65530F761DF}.Debug|Any CPU.Build.0 = Debug|Any CPU
		{300AC424-0D4B-423D-9675-E65530F761DF}.Release|Any CPU.ActiveCfg = Release|Any CPU
		{300AC424-0D4B-423D-9675-E65530F761DF}.Release|Any CPU.Build.0 = Release|Any CPU
		{2CF949A7-368D-4461-A825-CFC12A017B6A}.Debug|Any CPU.ActiveCfg = Debug|Any CPU
		{2CF949A7-368D-4461-A825-CFC12A017B6A}.Debug|Any CPU.Build.0 = Debug|Any CPU
		{2CF949A7-368D-4461-A825-CFC12A017B6A}.Release|Any CPU.ActiveCfg = Release|Any CPU
		{2CF949A7-368D-4461-A825-CFC12A017B6A}.Release|Any CPU.Build.0 = Release|Any CPU
	EndGlobalSection
	GlobalSection(SolutionProperties) = preSolution
		HideSolutionNode = FALSE
	EndGlobalSection
EndGlobal
